{
	"name": "@heml/utils",
	"version": "1.1.2",
	"lockfileVersion": 1,
	"requires": true,
	"dependencies": {
		"css-groups": {
			"version": "0.1.1",
			"resolved": "https://registry.npmjs.org/css-groups/-/css-groups-0.1.1.tgz",
			"integrity": "sha1-UyvG3LId3Mps1BCdAkmPyY/7BO8="
		},
		"lodash": {
			"version": "4.17.15",
			"resolved": "https://registry.npmjs.org/lodash/-/lodash-4.17.15.tgz",
			"integrity": "sha512-8xOcRHvCjnocdS5cpwXQXVzmmh5e5+saE2QGoeQmbKmRS6J3VQppPOIt0MnmE+4xlZoumy0GPG0D0MVIQbNA1A=="
		}
	}
}
